
Microsoft Visual Studio Solution File, Format Version 12.00
# Visual Studio 15
VisualStudioVersion = 15.0.26124.0
MinimumVisualStudioVersion = 15.0.26124.0
Project("{FAE04EC0-301F-11D3-BF4B-00C04F79EFBC}") = "Persistor", "Persistor\Persistor.csproj", "{DC4BAAD8-DF17-404B-A5A4-2CFE597CCF4E}"
EndProject
Project("{FAE04EC0-301F-11D3-BF4B-00C04F79EFBC}") = "ChatBot", "ChatBot\ChatBot.csproj", "{625622DC-4B2F-48BC-8966-99CE584E589D}"
EndProject
Project("{FAE04EC0-301F-11D3-BF4B-00C04F79EFBC}") = "Shared", "Shared\Shared.csproj", "{EADD5B5D-2E70-4660-9D05-F9620E31F1F2}"
EndProject
Global
	GlobalSection(SolutionConfigurationPlatforms) = preSolution
		Debug|Any CPU = Debug|Any CPU
		Debug|x64 = Debug|x64
		Debug|x86 = Debug|x86
		Release|Any CPU = Release|Any CPU
		Release|x64 = Release|x64
		Release|x86 = Release|x86
	EndGlobalSection
	GlobalSection(SolutionProperties) = preSolution
		HideSolutionNode = FALSE
	EndGlobalSection
	GlobalSection(ProjectConfigurationPlatforms) = postSolution
		{DC4BAAD8-DF17-404B-A5A4-2CFE597CCF4E}.Debug|Any CPU.ActiveCfg = Debug|Any CPU
		{DC4BAAD8-DF17-404B-A5A4-2CFE597CCF4E}.Debug|Any CPU.Build.0 = Debug|Any CPU
		{DC4BAAD8-DF17-404B-A5A4-2CFE597CCF4E}.Debug|x64.ActiveCfg = Debug|Any CPU
		{DC4BAAD8-DF17-404B-A5A4-2CFE597CCF4E}.Debug|x64.Build.0 = Debug|Any CPU
		{DC4BAAD8-DF17-404B-A5A4-2CFE597CCF4E}.Debug|x86.ActiveCfg = Debug|Any CPU
		{DC4BAAD8-DF17-404B-A5A4-2CFE597CCF4E}.Debug|x86.Build.0 = Debug|Any CPU
		{DC4BAAD8-DF17-404B-A5A4-2CFE597CCF4E}.Release|Any CPU.ActiveCfg = Release|Any CPU
		{DC4BAAD8-DF17-404B-A5A4-2CFE597CCF4E}.Release|Any CPU.Build.0 = Release|Any CPU
		{DC4BAAD8-DF17-404B-A5A4-2CFE597CCF4E}.Release|x64.ActiveCfg = Release|Any CPU
		{DC4BAAD8-DF17-404B-A5A4-2CFE597CCF4E}.Release|x64.Build.0 = Release|Any CPU
		{DC4BAAD8-DF17-404B-A5A4-2CFE597CCF4E}.Release|x86.ActiveCfg = Release|Any CPU
		{DC4BAAD8-DF17-404B-A5A4-2CFE597CCF4E}.Release|x86.Build.0 = Release|Any CPU
		{625622DC-4B2F-48BC-8966-99CE584E589D}.Debug|Any CPU.ActiveCfg = Debug|Any CPU
		{625622DC-4B2F-48BC-8966-99CE584E589D}.Debug|Any CPU.Build.0 = Debug|Any CPU
		{625622DC-4B2F-48BC-8966-99CE584E589D}.Debug|x64.ActiveCfg = Debug|Any CPU
		{625622DC-4B2F-48BC-8966-99CE584E589D}.Debug|x64.Build.0 = Debug|Any CPU
		{625622DC-4B2F-48BC-8966-99CE584E589D}.Debug|x86.ActiveCfg = Debug|Any CPU
		{625622DC-4B2F-48BC-8966-99CE584E589D}.Debug|x86.Build.0 = Debug|Any CPU
		{625622DC-4B2F-48BC-8966-99CE584E589D}.Release|Any CPU.ActiveCfg = Release|Any CPU
		{625622DC-4B2F-48BC-8966-99CE584E589D}.Release|Any CPU.Build.0 = Release|Any CPU
		{625622DC-4B2F-48BC-8966-99CE584E589D}.Release|x64.ActiveCfg = Release|Any CPU
		{625622DC-4B2F-48BC-8966-99CE584E589D}.Release|x64.Build.0 = Release|Any CPU
		{625622DC-4B2F-48BC-8966-99CE584E589D}.Release|x86.ActiveCfg = Release|Any CPU
		{625622DC-4B2F-48BC-8966-99CE584E589D}.Release|x86.Build.0 = Release|Any CPU
		{EADD5B5D-2E70-4660-9D05-F9620E31F1F2}.Debug|Any CPU.ActiveCfg = Debug|Any CPU
		{EADD5B5D-2E70-4660-9D05-F9620E31F1F2}.Debug|Any CPU.Build.0 = Debug|Any CPU
		{EADD5B5D-2E70-4660-9D05-F9620E31F1F2}.Debug|x64.ActiveCfg = Debug|Any CPU
		{EADD5B5D-2E70-4660-9D05-F9620E31F1F2}.Debug|x64.Build.0 = Debug|Any CPU
		{EADD5B5D-2E70-4660-9D05-F9620E31F1F2}.Debug|x86.ActiveCfg = Debug|Any CPU
		{EADD5B5D-2E70-4660-9D05-F9620E31F1F2}.Debug|x86.Build.0 = Debug|Any CPU
		{EADD5B5D-2E70-4660-9D05-F9620E31F1F2}.Release|Any CPU.ActiveCfg = Release|Any CPU
		{EADD5B5D-2E70-4660-9D05-F9620E31F1F2}.Release|Any CPU.Build.0 = Release|Any CPU
		{EADD5B5D-2E70-4660-9D05-F9620E31F1F2}.Release|x64.ActiveCfg = Release|Any CPU
		{EADD5B5D-2E70-4660-9D05-F9620E31F1F2}.Release|x64.Build.0 = Release|Any CPU
		{EADD5B5D-2E70-4660-9D05-F9620E31F1F2}.Release|x86.ActiveCfg = Release|Any CPU
		{EADD5B5D-2E70-4660-9D05-F9620E31F1F2}.Release|x86.Build.0 = Release|Any CPU
	EndGlobalSection
EndGlobal
